
Microsoft Visual Studio Solution File, Format Version 12.00
# Visual Studio Version 16
VisualStudioVersion = 16.0.30907.101
MinimumVisualStudioVersion = 10.0.40219.1
Project("{FAE04EC0-301F-11D3-BF4B-00C04F79EFBC}") = "GamePlayer", "GamePlayer\GamePlayer.csproj", "{5D4B4C06-2EA7-4067-B002-E05F0727CA9B}"
EndProject
Global
	GlobalSection(SolutionConfigurationPlatforms) = preSolution
		Debug|Any CPU = Debug|Any CPU
		Release|Any CPU = Release|Any CPU
	EndGlobalSection
	GlobalSection(ProjectConfigurationPlatforms) = postSolution
		{5D4B4C06-2EA7-4067-B002-E05F0727CA9B}.Debug|Any CPU.ActiveCfg = Debug|Any CPU
		{5D4B4C06-2EA7-4067-B002-E05F0727CA9B}.Debug|Any CPU.Build.0 = Debug|Any CPU
		{5D4B4C06-2EA7-4067-B002-E05F0727CA9B}.Release|Any CPU.ActiveCfg = Release|Any CPU
		{5D4B4C06-2EA7-4067-B002-E05F0727CA9B}.Release|Any CPU.Build.0 = Release|Any CPU
	EndGlobalSection
	GlobalSection(SolutionProperties) = preSolution
		HideSolutionNode = FALSE
	EndGlobalSection
	GlobalSection(ExtensibilityGlobals) = postSolution
		SolutionGuid = {C8B222EA-1C14-4AF0-BB09-0A7F144D2418}
	EndGlobalSection
EndGlobal
